{
  "name": "sagaleria",
  "lockfileVersion": 3,
  "requires": true,
  "packages": {
    "": {
      "dependencies": {
        "geolocator": "^2.1.5",
        "http": "^0.0.1-security",
        "image-picker": "^0.3.1"
      }
    },
    "node_modules/geolocator": {
      "version": "2.1.5",
      "resolved": "https://registry.npmjs.org/geolocator/-/geolocator-2.1.5.tgz",
      "integrity": "sha512-8iwVj5e5hri5cI0qYBDV1/y9GoazcxxW1/etx5qBxq7GZ1+emsmg26CLeNG32jPWSoDphug45IlBMX3IPrC7MA==",
      "license": "MIT"
    },
    "node_modules/http": {
      "version": "0.0.1-security",
      "resolved": "https://registry.npmjs.org/http/-/http-0.0.1-security.tgz",
      "integrity": "sha512-RnDvP10Ty9FxqOtPZuxtebw1j4L/WiqNMDtuc1YMH1XQm5TgDRaR1G9u8upL6KD1bXHSp9eSXo/ED+8Q7FAr+g=="
    },
    "node_modules/image-picker": {
      "version": "0.3.1",
      "resolved": "https://registry.npmjs.org/image-picker/-/image-picker-0.3.1.tgz",
      "integrity": "sha512-mbT/R7LcbXxhIKoDCQAjjejzAja6+JnBlSOa7I7SnF1sMen2lIh2WCfq3JjBD+cCfxKZHks3ZxO9cQ0TFj1aOQ==",
      "license": "MIT"
    }
  }
}
